
Microsoft Visual Studio Solution File, Format Version 12.00
# Visual Studio Version 17
VisualStudioVersion = 17.2.32526.322
MinimumVisualStudioVersion = 10.0.40219.1
Project("{FAE04EC0-301F-11D3-BF4B-00C04F79EFBC}") = "FlappyBIRD", "FlappyBIRD\FlappyBIRD.csproj", "{5F6780C4-30AD-444F-81A0-5E95EF252BF3}"
EndProject
Global
	GlobalSection(SolutionConfigurationPlatforms) = preSolution
		Debug|Any CPU = Debug|Any CPU
		Release|Any CPU = Release|Any CPU
	EndGlobalSection
	GlobalSection(ProjectConfigurationPlatforms) = postSolution
		{5F6780C4-30AD-444F-81A0-5E95EF252BF3}.Debug|Any CPU.ActiveCfg = Debug|Any CPU
		{5F6780C4-30AD-444F-81A0-5E95EF252BF3}.Debug|Any CPU.Build.0 = Debug|Any CPU
		{5F6780C4-30AD-444F-81A0-5E95EF252BF3}.Release|Any CPU.ActiveCfg = Release|Any CPU
		{5F6780C4-30AD-444F-81A0-5E95EF252BF3}.Release|Any CPU.Build.0 = Release|Any CPU
	EndGlobalSection
	GlobalSection(SolutionProperties) = preSolution
		HideSolutionNode = FALSE
	EndGlobalSection
	GlobalSection(ExtensibilityGlobals) = postSolution
		SolutionGuid = {E1980819-C0A0-490A-96EB-85E915B50265}
	EndGlobalSection
EndGlobal
